{
  "name": "@codepathfinder/secureflow-cli",
  "version": "0.0.10",
  "lockfileVersion": 3,
  "requires": true,
  "packages": {
    "": {
      "name": "@codepathfinder/secureflow-cli",
      "version": "0.0.10",
      "license": "Apache-2.0",
      "dependencies": {
        "@openrouter/sdk": "^0.3.10",
        "colorette": "^2.0.20",
        "commander": "^11.1.0",
        "posthog-node": "^5.10.0"
      },
      "bin": {
        "secureflow": "bin/secureflow"
      },
      "engines": {
        "node": ">=16.0.0"
      }
    },
    "node_modules/@openrouter/sdk": {
      "version": "0.3.10",
      "resolved": "https://registry.npmjs.org/@openrouter/sdk/-/sdk-0.3.10.tgz",
      "integrity": "sha512-FNOwLn/GvOw1Xk+x36bC1vtDwLIo45yIEoBwin+Dhb4j9DoRVBW2h9L/1rjNd7ILpyj9lB3LBhaLmateOt4Wrg==",
      "license": "Apache-2.0",
      "dependencies": {
        "zod": "^3.25.0 || ^4.0.0"
      }
    },
    "node_modules/@posthog/core": {
      "version": "1.29.8",
      "resolved": "https://registry.npmjs.org/@posthog/core/-/core-1.29.8.tgz",
      "integrity": "sha512-wdX4/WzZ+sV92z4ppC9SjOWdztY/0bN74SbJFy1X8/1N8+aNTSHsGEKHtbHitkIkJc861oYWr4ZzOoV0iVDP4w==",
      "license": "MIT",
      "dependencies": {
        "@posthog/types": "1.375.0"
      }
    },
    "node_modules/@posthog/types": {
      "version": "1.375.0",
      "resolved": "https://registry.npmjs.org/@posthog/types/-/types-1.375.0.tgz",
      "integrity": "sha512-ykjHtJv1eUnEUQIuCavMi/+lnBhZPRVnFDrbG6m4fS+vZ3ajn8dGooPpbWjF33Uo4g7W4ew51dBtJGf2evvurA==",
      "license": "MIT"
    },
    "node_modules/colorette": {
      "version": "2.0.20",
      "resolved": "https://registry.npmjs.org/colorette/-/colorette-2.0.20.tgz",
      "integrity": "sha512-IfEDxwoWIjkeXL1eXcDiow4UbKjhLdq6/EuSVR9GMN7KVH3r9gQ83e73hsz1Nd1T3ijd5xv1wcWRYO+D6kCI2w==",
      "license": "MIT"
    },
    "node_modules/commander": {
      "version": "11.1.0",
      "resolved": "https://registry.npmjs.org/commander/-/commander-11.1.0.tgz",
      "integrity": "sha512-yPVavfyCcRhmorC7rWlkHn15b4wDVgVmBA7kV4QVBsF7kv/9TKJAbAXVTxvTnwP8HHKjRCJDClKbciiYS7p0DQ==",
      "license": "MIT",
      "engines": {
        "node": ">=16"
      }
    },
    "node_modules/posthog-node": {
      "version": "5.35.0",
      "resolved": "https://registry.npmjs.org/posthog-node/-/posthog-node-5.35.0.tgz",
      "integrity": "sha512-5Hos1mlwrZtzZbh1Pij1FyU9p4R3bajVtAKjPZ3vxhAScsGeyLsF5KqMaEAw3EYWmsX9SQ5CbYZtSlHf+nkw6g==",
      "license": "MIT",
      "dependencies": {
        "@posthog/core": "1.29.8"
      },
      "engines": {
        "node": "^20.20.0 || >=22.22.0"
      },
      "peerDependencies": {
        "rxjs": "^7.0.0"
      },
      "peerDependenciesMeta": {
        "rxjs": {
          "optional": true
        }
      }
    },
    "node_modules/zod": {
      "version": "4.2.1",
      "resolved": "https://registry.npmjs.org/zod/-/zod-4.2.1.tgz",
      "integrity": "sha512-0wZ1IRqGGhMP76gLqz8EyfBXKk0J2qo2+H3fi4mcUP/KtTocoX08nmIAHl1Z2kJIZbZee8KOpBCSNPRgauucjw==",
      "license": "MIT",
      "funding": {
        "url": "https://github.com/sponsors/colinhacks"
      }
    }
  }
}
