{
  "name": "@codepathfinder/secureflow-cli",
  "version": "0.0.7",
  "lockfileVersion": 3,
  "requires": true,
  "packages": {
    "": {
      "name": "@codepathfinder/secureflow-cli",
      "version": "0.0.7",
      "license": "AGPL-3.0",
      "dependencies": {
        "colorette": "^2.0.20",
        "commander": "^11.1.0",
        "posthog-node": "^5.10.0"
      },
      "bin": {
        "secureflow": "bin/secureflow"
      },
      "engines": {
        "node": ">=16.0.0"
      }
    },
    "node_modules/@posthog/core": {
      "version": "1.3.0",
      "resolved": "https://registry.npmjs.org/@posthog/core/-/core-1.3.0.tgz",
      "integrity": "sha512-hxLL8kZNHH098geedcxCz8y6xojkNYbmJEW+1vFXsmPcExyCXIUUJ/34X6xa9GcprKxd0Wsx3vfJQLQX4iVPhw==",
      "license": "MIT"
    },
    "node_modules/colorette": {
      "version": "2.0.20",
      "resolved": "https://registry.npmjs.org/colorette/-/colorette-2.0.20.tgz",
      "integrity": "sha512-IfEDxwoWIjkeXL1eXcDiow4UbKjhLdq6/EuSVR9GMN7KVH3r9gQ83e73hsz1Nd1T3ijd5xv1wcWRYO+D6kCI2w==",
      "license": "MIT"
    },
    "node_modules/commander": {
      "version": "11.1.0",
      "resolved": "https://registry.npmjs.org/commander/-/commander-11.1.0.tgz",
      "integrity": "sha512-yPVavfyCcRhmorC7rWlkHn15b4wDVgVmBA7kV4QVBsF7kv/9TKJAbAXVTxvTnwP8HHKjRCJDClKbciiYS7p0DQ==",
      "license": "MIT",
      "engines": {
        "node": ">=16"
      }
    },
    "node_modules/posthog-node": {
      "version": "5.10.0",
      "resolved": "https://registry.npmjs.org/posthog-node/-/posthog-node-5.10.0.tgz",
      "integrity": "sha512-uNN+YUuOdbDSbDMGk/Wq57o2YBEH0Unu1kEq2PuYmqFmnu+oYsKyJBrb58VNwEuYsaXVJmk4FtbD+Tl8BT69+w==",
      "license": "MIT",
      "dependencies": {
        "@posthog/core": "1.3.0"
      },
      "engines": {
        "node": ">=20"
      }
    }
  }
}
